
Microsoft Visual Studio Solution File, Format Version 12.00
# Visual Studio Version 16
VisualStudioVersion = 16.0.33027.164
MinimumVisualStudioVersion = 10.0.40219.1
Project("{FAE04EC0-301F-11D3-BF4B-00C04F79EFBC}") = "Faculty_Management", "Faculty_Management\Faculty_Management.csproj", "{0F536CC4-3AE2-4168-8A3C-5C3E0657C8B3}"
EndProject
Global
	GlobalSection(SolutionConfigurationPlatforms) = preSolution
		Debug|Any CPU = Debug|Any CPU
		Release|Any CPU = Release|Any CPU
	EndGlobalSection
	GlobalSection(ProjectConfigurationPlatforms) = postSolution
		{0F536CC4-3AE2-4168-8A3C-5C3E0657C8B3}.Debug|Any CPU.ActiveCfg = Debug|Any CPU
		{0F536CC4-3AE2-4168-8A3C-5C3E0657C8B3}.Debug|Any CPU.Build.0 = Debug|Any CPU
		{0F536CC4-3AE2-4168-8A3C-5C3E0657C8B3}.Release|Any CPU.ActiveCfg = Release|Any CPU
		{0F536CC4-3AE2-4168-8A3C-5C3E0657C8B3}.Release|Any CPU.Build.0 = Release|Any CPU
	EndGlobalSection
	GlobalSection(SolutionProperties) = preSolution
		HideSolutionNode = FALSE
	EndGlobalSection
	GlobalSection(ExtensibilityGlobals) = postSolution
		SolutionGuid = {C5F5E77C-ADC3-48A9-806E-16A08D7FFEBC}
	EndGlobalSection
EndGlobal
